
Microsoft Visual Studio Solution File, Format Version 12.00
# Visual Studio Version 17
VisualStudioVersion = 17.12.35527.113 d17.12
MinimumVisualStudioVersion = 10.0.40219.1
Project("{FAE04EC0-301F-11D3-BF4B-00C04F79EFBC}") = "Esercizi_Vacanze.pt3", "Esercizi_Vacanze.pt3\Esercizi_Vacanze.pt3.csproj", "{77045999-7E5A-4811-A6CC-F5E5A9AB7BED}"
EndProject
Global
	GlobalSection(SolutionConfigurationPlatforms) = preSolution
		Debug|Any CPU = Debug|Any CPU
		Release|Any CPU = Release|Any CPU
	EndGlobalSection
	GlobalSection(ProjectConfigurationPlatforms) = postSolution
		{77045999-7E5A-4811-A6CC-F5E5A9AB7BED}.Debug|Any CPU.ActiveCfg = Debug|Any CPU
		{77045999-7E5A-4811-A6CC-F5E5A9AB7BED}.Debug|Any CPU.Build.0 = Debug|Any CPU
		{77045999-7E5A-4811-A6CC-F5E5A9AB7BED}.Release|Any CPU.ActiveCfg = Release|Any CPU
		{77045999-7E5A-4811-A6CC-F5E5A9AB7BED}.Release|Any CPU.Build.0 = Release|Any CPU
	EndGlobalSection
	GlobalSection(SolutionProperties) = preSolution
		HideSolutionNode = FALSE
	EndGlobalSection
EndGlobal
